// !$*UTF8*$!
{
	archiveVersion = 1;
	classes = {
	};
	objectVersion = 46;
	objects = {

/* Begin PBXBuildFile section */
		1EEC543C1C0D3A3F000D2450 /* main.m in Sources */ = {isa = PBXBuildFile; fileRef = 1EEC543B1C0D3A3F000D2450 /* main.m */; };
		1EEC543F1C0D3A3F000D2450 /* AppDelegate.m in Sources */ = {isa = PBXBuildFile; fileRef = 1EEC543E1C0D3A3F000D2450 /* AppDelegate.m */; };
		1EEC54421C0D3A3F000D2450 /* ViewController.m in Sources */ = {isa = PBXBuildFile; fileRef = 1EEC54411C0D3A3F000D2450 /* ViewController.m */; };
		1EEC54451C0D3A3F000D2450 /* Main.storyboard in Resources */ = {isa = PBXBuildFile; fileRef = 1EEC54431C0D3A3F000D2450 /* Main.storyboard */; };
		1EEC54481C0D3A3F000D2450 /* myTest.xcdatamodeld in Sources */ = {isa = PBXBuildFile; fileRef = 1EEC54461C0D3A3F000D2450 /* myTest.xcdatamodeld */; };
		1EEC544A1C0D3A3F000D2450 /* Assets.xcassets in Resources */ = {isa = PBXBuildFile; fileRef = 1EEC54491C0D3A3F000D2450 /* Assets.xcassets */; };
		1EEC544D1C0D3A3F000D2450 /* LaunchScreen.storyboard in Resources */ = {isa = PBXBuildFile; fileRef = 1EEC544B1C0D3A3F000D2450 /* LaunchScreen.storyboard */; };
		1EEC54581C0D3A3F000D2450 /* myTestTests.m in Sources */ = {isa = PBXBuildFile; fileRef = 1EEC54571C0D3A3F000D2450 /* myTestTests.m */; };
		1EEC54631C0D3A3F000D2450 /* myTestUITests.m in Sources */ = {isa = PBXBuildFile; fileRef = 1EEC54621C0D3A3F000D2450 /* myTestUITests.m */; };
/* End PBXBuildFile section */

/* Begin PBXContainerItemProxy section */
		1EEC54541C0D3A3F000D2450 /* PBXContainerItemProxy */ = {
			isa = PBXContainerItemProxy;
			containerPortal = 1EEC542F1C0D3A3F000D2450 /* Project object */;
			proxyType = 1;
			remoteGlobalIDString = 1EEC54361C0D3A3F000D2450;
			remoteInfo = myTest;
		};
		1EEC545F1C0D3A3F000D2450 /* PBXContainerItemProxy */ = {
			isa = PBXContainerItemProxy;
			containerPortal = 1EEC542F1C0D3A3F000D2450 /* Project object */;
			proxyType = 1;
			remoteGlobalIDString = 1EEC54361C0D3A3F000D2450;
			remoteInfo = myTest;
		};
/* End PBXContainerItemProxy section */

/* Begin PBXFileReference section */
		1EEC54371C0D3A3F000D2450 /* myTest.app */ = {isa = PBXFileReference; explicitFileType = wrapper.application; includeInIndex = 0; path = myTest.app; sourceTree = BUILT_PRODUCTS_DIR; };
		1EEC543B1C0D3A3F000D2450 /* main.m */ = {isa = PBXFileReference; lastKnownFileType = sourcecode.c.objc; path = main.m; sourceTree = "<group>"; };
		1EEC543D1C0D3A3F000D2450 /* AppDelegate.h */ = {isa = PBXFileReference; lastKnownFileType = sourcecode.c.h; path = AppDelegate.h; sourceTree = "<group>"; };
		1EEC543E1C0D3A3F000D2450 /* AppDelegate.m */ = {isa = PBXFileReference; lastKnownFileType = sourcecode.c.objc; path = AppDelegate.m; sourceTree = "<group>"; };
		1EEC54401C0D3A3F000D2450 /* ViewController.h */ = {isa = PBXFileReference; lastKnownFileType = sourcecode.c.h; path = ViewController.h; sourceTree = "<group>"; };
		1EEC54411C0D3A3F000D2450 /* ViewController.m */ = {isa = PBXFileReference; lastKnownFileType = sourcecode.c.objc; path = ViewController.m; sourceTree = "<group>"; };
		1EEC54441C0D3A3F000D2450 /* Base */ = {isa = PBXFileReference; lastKnownFileType = file.storyboard; name = Base; path = Base.lproj/Main.storyboard; sourceTree = "<group>"; };
		1EEC54471C0D3A3F000D2450 /* myTest.xcdatamodel */ = {isa = PBXFileReference; lastKnownFileType = wrapper.xcdatamodel; path = myTest.xcdatamodel; sourceTree = "<group>"; };
		1EEC54491C0D3A3F000D2450 /* Assets.xcassets */ = {isa = PBXFileReference; lastKnownFileType = folder.assetcatalog; path = Assets.xcassets; sourceTree = "<group>"; };
		1EEC544C1C0D3A3F000D2450 /* Base */ = {isa = PBXFileReference; lastKnownFileType = file.storyboard; name = Base; path = Base.lproj/LaunchScreen.storyboard; sourceTree = "<group>"; };
		1EEC544E1C0D3A3F000D2450 /* Info.plist */ = {isa = PBXFileReference; lastKnownFileType = text.plist.xml; path = Info.plist; sourceTree = "<group>"; };
		1EEC54531C0D3A3F000D2450 /* myTestTests.xctest */ = {isa = PBXFileReference; explicitFileType = wrapper.cfbundle; includeInIndex = 0; path = myTestTests.xctest; sourceTree = BUILT_PRODUCTS_DIR; };
		1EEC54571C0D3A3F000D2450 /* myTestTests.m */ = {isa = PBXFileReference; lastKnownFileType = sourcecode.c.objc; path = myTestTests.m; sourceTree = "<group>"; };
		1EEC54591C0D3A3F000D2450 /* Info.plist */ = {isa = PBXFileReference; lastKnownFileType = text.plist.xml; path = Info.plist; sourceTree = "<group>"; };
		1EEC545E1C0D3A3F000D2450 /* myTestUITests.xctest */ = {isa = PBXFileReference; explicitFileType = wrapper.cfbundle; includeInIndex = 0; path = myTestUITests.xctest; sourceTree = BUILT_PRODUCTS_DIR; };
		1EEC54621C0D3A3F000D2450 /* myTestUITests.m */ = {isa = PBXFileReference; lastKnownFileType = sourcecode.c.objc; path = myTestUITests.m; sourceTree = "<group>"; };
		1EEC54641C0D3A3F000D2450 /* Info.plist */ = {isa = PBXFileReference; lastKnownFileType = text.plist.xml; path = Info.plist; sourceTree = "<group>"; };
/* End PBXFileReference section */

/* Begin PBXFrameworksBuildPhase section */
		1EEC54341C0D3A3F000D2450 /* Frameworks */ = {
			isa = PBXFrameworksBuildPhase;
			buildActionMask = 2147483647;
			files = (
			);
			runOnlyForDeploymentPostprocessing = 0;
		};
		1EEC54501C0D3A3F000D2450 /* Frameworks */ = {
			isa = PBXFrameworksBuildPhase;
			buildActionMask = 2147483647;
			files = (
			);
			runOnlyForDeploymentPostprocessing = 0;
		};
		1EEC545B1C0D3A3F000D2450 /* Frameworks */ = {
			isa = PBXFrameworksBuildPhase;
			buildActionMask = 2147483647;
			files = (
			);
			runOnlyForDeploymentPostprocessing = 0;
		};
/* End PBXFrameworksBuildPhase section */

/* Begin PBXGroup section */
		1EEC542E1C0D3A3F000D2450 = {
			isa = PBXGroup;
			children = (
				1EEC54391C0D3A3F000D2450 /* myTest */,
				1EEC54561C0D3A3F000D2450 /* myTestTests */,
				1EEC54611C0D3A3F000D2450 /* myTestUITests */,
				1EEC54381C0D3A3F000D2450 /* Products */,
			);
			sourceTree = "<group>";
		};
		1EEC54381C0D3A3F000D2450 /* Products */ = {
			isa = PBXGroup;
			children = (
				1EEC54371C0D3A3F000D2450 /* myTest.app */,
				1EEC54531C0D3A3F000D2450 /* myTestTests.xctest */,
				1EEC545E1C0D3A3F000D2450 /* myTestUITests.xctest */,
			);
			name = Products;
			sourceTree = "<group>";
		};
		1EEC54391C0D3A3F000D2450 /* myTest */ = {
			isa = PBXGroup;
			children = (
				1EEC543D1C0D3A3F000D2450 /* AppDelegate.h */,
				1EEC543E1C0D3A3F000D2450 /* AppDelegate.m */,
				1EEC54401C0D3A3F000D2450 /* ViewController.h */,
				1EEC54411C0D3A3F000D2450 /* ViewController.m */,
				1EEC54431C0D3A3F000D2450 /* Main.storyboard */,
				1EEC54491C0D3A3F000D2450 /* Assets.xcassets */,
				1EEC544B1C0D3A3F000D2450 /* LaunchScreen.storyboard */,
				1EEC544E1C0D3A3F000D2450 /* Info.plist */,
				1EEC54461C0D3A3F000D2450 /* myTest.xcdatamodeld */,
				1EEC543A1C0D3A3F000D2450 /* Supporting Files */,
			);
			path = myTest;
			sourceTree = "<group>";
		};
		1EEC543A1C0D3A3F000D2450 /* Supporting Files */ = {
			isa = PBXGroup;
			children = (
				1EEC543B1C0D3A3F000D2450 /* main.m */,
			);
			name = "Supporting Files";
			sourceTree = "<group>";
		};
		1EEC54561C0D3A3F000D2450 /* myTestTests */ = {
			isa = PBXGroup;
			children = (
				1EEC54571C0D3A3F000D2450 /* myTestTests.m */,
				1EEC54591C0D3A3F000D2450 /* Info.plist */,
			);
			path = myTestTests;
			sourceTree = "<group>";
		};
		1EEC54611C0D3A3F000D2450 /* myTestUITests */ = {
			isa = PBXGroup;
			children = (
				1EEC54621C0D3A3F000D2450 /* myTestUITests.m */,
				1EEC54641C0D3A3F000D2450 /* Info.plist */,
			);
			path = myTestUITests;
			sourceTree = "<group>";
		};
/* End PBXGroup section */

/* Begin PBXNativeTarget section */
		1EEC54361C0D3A3F000D2450 /* myTest */ = {
			isa = PBXNativeTarget;
			buildConfigurationList = 1EEC54671C0D3A3F000D2450 /* Build configuration list for PBXNativeTarget "myTest" */;
			buildPhases = (
				1EEC54331C0D3A3F000D2450 /* Sources */,
				1EEC54341C0D3A3F000D2450 /* Frameworks */,
				1EEC54351C0D3A3F000D2450 /* Resources */,
			);
			buildRules = (
			);
			dependencies = (
			);
			name = myTest;
			productName = myTest;
			productReference = 1EEC54371C0D3A3F000D2450 /* myTest.app */;
			productType = "com.apple.product-type.application";
		};
		1EEC54521C0D3A3F000D2450 /* myTestTests */ = {
			isa = PBXNativeTarget;
			buildConfigurationList = 1EEC546A1C0D3A3F000D2450 /* Build configuration list for PBXNativeTarget "myTestTests" */;
			buildPhases = (
				1EEC544F1C0D3A3F000D2450 /* Sources */,
				1EEC54501C0D3A3F000D2450 /* Frameworks */,
				1EEC54511C0D3A3F000D2450 /* Resources */,
			);
			buildRules = (
			);
			dependencies = (
				1EEC54551C0D3A3F000D2450 /* PBXTargetDependency */,
			);
			name = myTestTests;
			productName = myTestTests;
			productReference = 1EEC54531C0D3A3F000D2450 /* myTestTests.xctest */;
			productType = "com.apple.product-type.bundle.unit-test";
		};
		1EEC545D1C0D3A3F000D2450 /* myTestUITests */ = {
			isa = PBXNativeTarget;
			buildConfigurationList = 1EEC546D1C0D3A3F000D2450 /* Build configuration list for PBXNativeTarget "myTestUITests" */;
			buildPhases = (
				1EEC545A1C0D3A3F000D2450 /* Sources */,
				1EEC545B1C0D3A3F000D2450 /* Frameworks */,
				1EEC545C1C0D3A3F000D2450 /* Resources */,
			);
			buildRules = (
			);
			dependencies = (
				1EEC54601C0D3A3F000D2450 /* PBXTargetDependency */,
			);
			name = myTestUITests;
			productName = myTestUITests;
			productReference = 1EEC545E1C0D3A3F000D2450 /* myTestUITests.xctest */;
			productType = "com.apple.product-type.bundle.ui-testing";
		};
/* End PBXNativeTarget section */

/* Begin PBXProject section */
		1EEC542F1C0D3A3F000D2450 /* Project object */ = {
			isa = PBXProject;
			attributes = {
				LastUpgradeCheck = 0710;
				ORGANIZATIONNAME = ccl;
				TargetAttributes = {
					1EEC54361C0D3A3F000D2450 = {
						CreatedOnToolsVersion = 7.1;
					};
					1EEC54521C0D3A3F000D2450 = {
						CreatedOnToolsVersion = 7.1;
						TestTargetID = 1EEC54361C0D3A3F000D2450;
					};
					1EEC545D1C0D3A3F000D2450 = {
						CreatedOnToolsVersion = 7.1;
						TestTargetID = 1EEC54361C0D3A3F000D2450;
					};
				};
			};
			buildConfigurationList = 1EEC54321C0D3A3F000D2450 /* Build configuration list for PBXProject "myTest" */;
			compatibilityVersion = "Xcode 3.2";
			developmentRegion = English;
			hasScannedForEncodings = 0;
			knownRegions = (
				en,
				Base,
			);
			mainGroup = 1EEC542E1C0D3A3F000D2450;
			productRefGroup = 1EEC54381C0D3A3F000D2450 /* Products */;
			projectDirPath = "";
			projectRoot = "";
			targets = (
				1EEC54361C0D3A3F000D2450 /* myTest */,
				1EEC54521C0D3A3F000D2450 /* myTestTests */,
				1EEC545D1C0D3A3F000D2450 /* myTestUITests */,
			);
		};
/* End PBXProject section */

/* Begin PBXResourcesBuildPhase section */
		1EEC54351C0D3A3F000D2450 /* Resources */ = {
			isa = PBXResourcesBuildPhase;
			buildActionMask = 2147483647;
			files = (
				1EEC544D1C0D3A3F000D2450 /* LaunchScreen.storyboard in Resources */,
				1EEC544A1C0D3A3F000D2450 /* Assets.xcassets in Resources */,
				1EEC54451C0D3A3F000D2450 /* Main.storyboard in Resources */,
			);
			runOnlyForDeploymentPostprocessing = 0;
		};
		1EEC54511C0D3A3F000D2450 /* Resources */ = {
			isa = PBXResourcesBuildPhase;
			buildActionMask = 2147483647;
			files = (
			);
			runOnlyForDeploymentPostprocessing = 0;
		};
		1EEC545C1C0D3A3F000D2450 /* Resources */ = {
			isa = PBXResourcesBuildPhase;
			buildActionMask = 2147483647;
			files = (
			);
			runOnlyForDeploymentPostprocessing = 0;
		};
/* End PBXResourcesBuildPhase section */

/* Begin PBXSourcesBuildPhase section */
		1EEC54331C0D3A3F000D2450 /* Sources */ = {
			isa = PBXSourcesBuildPhase;
			buildActionMask = 2147483647;
			files = (
				1EEC54421C0D3A3F000D2450 /* ViewController.m in Sources */,
				1EEC54481C0D3A3F000D2450 /* myTest.xcdatamodeld in Sources */,
				1EEC543F1C0D3A3F000D2450 /* AppDelegate.m in Sources */,
				1EEC543C1C0D3A3F000D2450 /* main.m in Sources */,
			);
			runOnlyForDeploymentPostprocessing = 0;
		};
		1EEC544F1C0D3A3F000D2450 /* Sources */ = {
			isa = PBXSourcesBuildPhase;
			buildActionMask = 2147483647;
			files = (
				1EEC54581C0D3A3F000D2450 /* myTestTests.m in Sources */,
			);
			runOnlyForDeploymentPostprocessing = 0;
		};
		1EEC545A1C0D3A3F000D2450 /* Sources */ = {
			isa = PBXSourcesBuildPhase;
			buildActionMask = 2147483647;
			files = (
				1EEC54631C0D3A3F000D2450 /* myTestUITests.m in Sources */,
			);
			runOnlyForDeploymentPostprocessing = 0;
		};
/* End PBXSourcesBuildPhase section */

/* Begin PBXTargetDependency section */
		1EEC54551C0D3A3F000D2450 /* PBXTargetDependency */ = {
			isa = PBXTargetDependency;
			target = 1EEC54361C0D3A3F000D2450 /* myTest */;
			targetProxy = 1EEC54541C0D3A3F000D2450 /* PBXContainerItemProxy */;
		};
		1EEC54601C0D3A3F000D2450 /* PBXTargetDependency */ = {
			isa = PBXTargetDependency;
			target = 1EEC54361C0D3A3F000D2450 /* myTest */;
			targetProxy = 1EEC545F1C0D3A3F000D2450 /* PBXContainerItemProxy */;
		};
/* End PBXTargetDependency section */

/* Begin PBXVariantGroup section */
		1EEC54431C0D3A3F000D2450 /* Main.storyboard */ = {
			isa = PBXVariantGroup;
			children = (
				1EEC54441C0D3A3F000D2450 /* Base */,
			);
			name = Main.storyboard;
			sourceTree = "<group>";
		};
		1EEC544B1C0D3A3F000D2450 /* LaunchScreen.storyboard */ = {
			isa = PBXVariantGroup;
			children = (
				1EEC544C1C0D3A3F000D2450 /* Base */,
			);
			name = LaunchScreen.storyboard;
			sourceTree = "<group>";
		};
/* End PBXVariantGroup section */

/* Begin XCBuildConfiguration section */
		1EEC54651C0D3A3F000D2450 /* Debug */ = {
			isa = XCBuildConfiguration;
			buildSettings = {
				ALWAYS_SEARCH_USER_PATHS = NO;
				CLANG_CXX_LANGUAGE_STANDARD = "gnu++0x";
				CLANG_CXX_LIBRARY = "libc++";
				CLANG_ENABLE_MODULES = YES;
				CLANG_ENABLE_OBJC_ARC = YES;
				CLANG_WARN_BOOL_CONVERSION = YES;
				CLANG_WARN_CONSTANT_CONVERSION = YES;
				CLANG_WARN_DIRECT_OBJC_ISA_USAGE = YES_ERROR;
				CLANG_WARN_EMPTY_BODY = YES;
				CLANG_WARN_ENUM_CONVERSION = YES;
				CLANG_WARN_INT_CONVERSION = YES;
				CLANG_WARN_OBJC_ROOT_CLASS = YES_ERROR;
				CLANG_WARN_UNREACHABLE_CODE = YES;
				CLANG_WARN__DUPLICATE_METHOD_MATCH = YES;
				"CODE_SIGN_IDENTITY[sdk=iphoneos*]" = "iPhone Developer";
				COPY_PHASE_STRIP = NO;
				DEBUG_INFORMATION_FORMAT = dwarf;
				ENABLE_STRICT_OBJC_MSGSEND = YES;
				ENABLE_TESTABILITY = YES;
				GCC_C_LANGUAGE_STANDARD = gnu99;
				GCC_DYNAMIC_NO_PIC = NO;
				GCC_NO_COMMON_BLOCKS = YES;
				GCC_OPTIMIZATION_LEVEL = 0;
				GCC_PREPROCESSOR_DEFINITIONS = (
					"DEBUG=1",
					"$(inherited)",
				);
				GCC_WARN_64_TO_32_BIT_CONVERSION = YES;
				GCC_WARN_ABOUT_RETURN_TYPE = YES_ERROR;
				GCC_WARN_UNDECLARED_SELECTOR = YES;
				GCC_WARN_UNINITIALIZED_AUTOS = YES_AGGRESSIVE;
				GCC_WARN_UNUSED_FUNCTION = YES;
				GCC_WARN_UNUSED_VARIABLE = YES;
				IPHONEOS_DEPLOYMENT_TARGET = 9.1;
				MTL_ENABLE_DEBUG_INFO = YES;
				ONLY_ACTIVE_ARCH = YES;
				SDKROOT = iphoneos;
			};
			name = Debug;
		};
		1EEC54661C0D3A3F000D2450 /* Release */ = {
			isa = XCBuildConfiguration;
			buildSettings = {
				ALWAYS_SEARCH_USER_PATHS = NO;
				CLANG_CXX_LANGUAGE_STANDARD = "gnu++0x";
				CLANG_CXX_LIBRARY = "libc++";
				CLANG_ENABLE_MODULES = YES;
				CLANG_ENABLE_OBJC_ARC = YES;
				CLANG_WARN_BOOL_CONVERSION = YES;
				CLANG_WARN_CONSTANT_CONVERSION = YES;
				CLANG_WARN_DIRECT_OBJC_ISA_USAGE = YES_ERROR;
				CLANG_WARN_EMPTY_BODY = YES;
				CLANG_WARN_ENUM_CONVERSION = YES;
				CLANG_WARN_INT_CONVERSION = YES;
				CLANG_WARN_OBJC_ROOT_CLASS = YES_ERROR;
				CLANG_WARN_UNREACHABLE_CODE = YES;
				CLANG_WARN__DUPLICATE_METHOD_MATCH = YES;
				"CODE_SIGN_IDENTITY[sdk=iphoneos*]" = "iPhone Developer";
				COPY_PHASE_STRIP = NO;
				DEBUG_INFORMATION_FORMAT = "dwarf-with-dsym";
				ENABLE_NS_ASSERTIONS = NO;
				ENABLE_STRICT_OBJC_MSGSEND = YES;
				GCC_C_LANGUAGE_STANDARD = gnu99;
				GCC_NO_COMMON_BLOCKS = YES;
				GCC_WARN_64_TO_32_BIT_CONVERSION = YES;
				GCC_WARN_ABOUT_RETURN_TYPE = YES_ERROR;
				GCC_WARN_UNDECLARED_SELECTOR = YES;
				GCC_WARN_UNINITIALIZED_AUTOS = YES_AGGRESSIVE;
				GCC_WARN_UNUSED_FUNCTION = YES;
				GCC_WARN_UNUSED_VARIABLE = YES;
				IPHONEOS_DEPLOYMENT_TARGET = 9.1;
				MTL_ENABLE_DEBUG_INFO = NO;
				SDKROOT = iphoneos;
				VALIDATE_PRODUCT = YES;
			};
			name = Release;
		};
		1EEC54681C0D3A3F000D2450 /* Debug */ = {
			isa = XCBuildConfiguration;
			buildSettings = {
				ASSETCATALOG_COMPILER_APPICON_NAME = AppIcon;
				INFOPLIST_FILE = myTest/Info.plist;
				LD_RUNPATH_SEARCH_PATHS = "$(inherited) @executable_path/Frameworks";
				PRODUCT_BUNDLE_IDENTIFIER = cn.com.CCL.myTest;
				PRODUCT_NAME = "$(TARGET_NAME)";
			};
			name = Debug;
		};
		1EEC54691C0D3A3F000D2450 /* Release */ = {
			isa = XCBuildConfiguration;
			buildSettings = {
				ASSETCATALOG_COMPILER_APPICON_NAME = AppIcon;
				INFOPLIST_FILE = myTest/Info.plist;
				LD_RUNPATH_SEARCH_PATHS = "$(inherited) @executable_path/Frameworks";
				PRODUCT_BUNDLE_IDENTIFIER = cn.com.CCL.myTest;
				PRODUCT_NAME = "$(TARGET_NAME)";
			};
			name = Release;
		};
		1EEC546B1C0D3A3F000D2450 /* Debug */ = {
			isa = XCBuildConfiguration;
			buildSettings = {
				BUNDLE_LOADER = "$(TEST_HOST)";
				INFOPLIST_FILE = myTestTests/Info.plist;
				LD_RUNPATH_SEARCH_PATHS = "$(inherited) @executable_path/Frameworks @loader_path/Frameworks";
				PRODUCT_BUNDLE_IDENTIFIER = cn.com.CCL.myTestTests;
				PRODUCT_NAME = "$(TARGET_NAME)";
				TEST_HOST = "$(BUILT_PRODUCTS_DIR)/myTest.app/myTest";
			};
			name = Debug;
		};
		1EEC546C1C0D3A3F000D2450 /* Release */ = {
			isa = XCBuildConfiguration;
			buildSettings = {
				BUNDLE_LOADER = "$(TEST_HOST)";
				INFOPLIST_FILE = myTestTests/Info.plist;
				LD_RUNPATH_SEARCH_PATHS = "$(inherited) @executable_path/Frameworks @loader_path/Frameworks";
				PRODUCT_BUNDLE_IDENTIFIER = cn.com.CCL.myTestTests;
				PRODUCT_NAME = "$(TARGET_NAME)";
				TEST_HOST = "$(BUILT_PRODUCTS_DIR)/myTest.app/myTest";
			};
			name = Release;
		};
		1EEC546E1C0D3A3F000D2450 /* Debug */ = {
			isa = XCBuildConfiguration;
			buildSettings = {
				INFOPLIST_FILE = myTestUITests/Info.plist;
				LD_RUNPATH_SEARCH_PATHS = "$(inherited) @executable_path/Frameworks @loader_path/Frameworks";
				PRODUCT_BUNDLE_IDENTIFIER = cn.com.CCL.myTestUITests;
				PRODUCT_NAME = "$(TARGET_NAME)";
				TEST_TARGET_NAME = myTest;
				USES_XCTRUNNER = YES;
			};
			name = Debug;
		};
		1EEC546F1C0D3A3F000D2450 /* Release */ = {
			isa = XCBuildConfiguration;
			buildSettings = {
				INFOPLIST_FILE = myTestUITests/Info.plist;
				LD_RUNPATH_SEARCH_PATHS = "$(inherited) @executable_path/Frameworks @loader_path/Frameworks";
				PRODUCT_BUNDLE_IDENTIFIER = cn.com.CCL.myTestUITests;
				PRODUCT_NAME = "$(TARGET_NAME)";
				TEST_TARGET_NAME = myTest;
				USES_XCTRUNNER = YES;
			};
			name = Release;
		};
/* End XCBuildConfiguration section */

/* Begin XCConfigurationList section */
		1EEC54321C0D3A3F000D2450 /* Build configuration list for PBXProject "myTest" */ = {
			isa = XCConfigurationList;
			buildConfigurations = (
				1EEC54651C0D3A3F000D2450 /* Debug */,
				1EEC54661C0D3A3F000D2450 /* Release */,
			);
			defaultConfigurationIsVisible = 0;
			defaultConfigurationName = Release;
		};
		1EEC54671C0D3A3F000D2450 /* Build configuration list for PBXNativeTarget "myTest" */ = {
			isa = XCConfigurationList;
			buildConfigurations = (
				1EEC54681C0D3A3F000D2450 /* Debug */,
				1EEC54691C0D3A3F000D2450 /* Release */,
			);
			defaultConfigurationIsVisible = 0;
		};
		1EEC546A1C0D3A3F000D2450 /* Build configuration list for PBXNativeTarget "myTestTests" */ = {
			isa = XCConfigurationList;
			buildConfigurations = (
				1EEC546B1C0D3A3F000D2450 /* Debug */,
				1EEC546C1C0D3A3F000D2450 /* Release */,
			);
			defaultConfigurationIsVisible = 0;
		};
		1EEC546D1C0D3A3F000D2450 /* Build configuration list for PBXNativeTarget "myTestUITests" */ = {
			isa = XCConfigurationList;
			buildConfigurations = (
				1EEC546E1C0D3A3F000D2450 /* Debug */,
				1EEC546F1C0D3A3F000D2450 /* Release */,
			);
			defaultConfigurationIsVisible = 0;
		};
/* End XCConfigurationList section */

/* Begin XCVersionGroup section */
		1EEC54461C0D3A3F000D2450 /* myTest.xcdatamodeld */ = {
			isa = XCVersionGroup;
			children = (
				1EEC54471C0D3A3F000D2450 /* myTest.xcdatamodel */,
			);
			currentVersion = 1EEC54471C0D3A3F000D2450 /* myTest.xcdatamodel */;
			path = myTest.xcdatamodeld;
			sourceTree = "<group>";
			versionGroupType = wrapper.xcdatamodel;
		};
/* End XCVersionGroup section */
	};
	rootObject = 1EEC542F1C0D3A3F000D2450 /* Project object */;
}
